{
  "name": "delphi-dev-monorepo",
  "lockfileVersion": 3,
  "requires": true,
  "packages": {
    "": {
      "name": "delphi-dev-monorepo",
      "workspaces": [
        "installer",
        "packages/vscode",
        "scripts"
      ],
      "engines": {
        "node": ">=18"
      }
    }
  }
}
